# This file is automatically @generated by Poetry 1.4.0 and should not be changed by hand.

[[package]]
name = "asttokens"
version = "2.4.1"
description = "Annotate AST trees with source code positions"
category = "main"
optional = false
python-versions = "*"
files = [
    {file = "asttokens-2.4.1-py2.py3-none-any.whl", hash = "sha256:051ed49c3dcae8913ea7cd08e46a606dba30b79993209636c4875bc1d637bc24"},
    {file = "asttokens-2.4.1.tar.gz", hash = "sha256:b03869718ba9a6eb027e134bfdf69f38a236d681c83c160d510768af11254ba0"},
]

[package.dependencies]
six = ">=1.12.0"

[package.extras]
astroid = ["astroid (>=1,<2)", "astroid (>=2,<4)"]
test = ["astroid (>=1,<2)", "astroid (>=2,<4)", "pytest"]

[[package]]
name = "colorama"
version = "0.4.6"
description = "Cross-platform colored terminal text."
category = "main"
optional = false
python-versions = "!=3.0.*,!=3.1.*,!=3.2.*,!=3.3.*,!=3.4.*,!=3.5.*,!=3.6.*,>=2.7"
files = [
    {file = "colorama-0.4.6-py2.py3-none-any.whl", hash = "sha256:4f1d9991f5acc0ca119f9d443620b77f9d6b33703e51011c16baf57afb285fc6"},
    {file = "colorama-0.4.6.tar.gz", hash = "sha256:08695f5cb7ed6e0531a20572697297273c47b8cae5a63ffc6d6ed5c201be6e44"},
]

[[package]]
name = "executing"
version = "2.1.0"
description = "Get the currently executing AST node of a frame, and other information"
category = "main"
optional = false
python-versions = ">=3.8"
files = [
    {file = "executing-2.1.0-py2.py3-none-any.whl", hash = "sha256:8d63781349375b5ebccc3142f4b30350c0cd9c79f921cde38be2be4637e98eaf"},
    {file = "executing-2.1.0.tar.gz", hash = "sha256:8ea27ddd260da8150fa5a708269c4a10e76161e2496ec3e587da9e3c0fe4b9ab"},
]

[package.extras]
tests = ["asttokens (>=2.1.0)", "coverage", "coverage-enable-subprocess", "ipython", "littleutils", "pytest", "rich"]

[[package]]
name = "flake8"
version = "6.1.0"
description = "the modular source code checker: pep8 pyflakes and co"
category = "main"
optional = false
python-versions = ">=3.8.1"
files = [
    {file = "flake8-6.1.0-py2.py3-none-any.whl", hash = "sha256:ffdfce58ea94c6580c77888a86506937f9a1a227dfcd15f245d694ae20a6b6e5"},
    {file = "flake8-6.1.0.tar.gz", hash = "sha256:d5b3857f07c030bdb5bf41c7f53799571d75c4491748a3adcd47de929e34cd23"},
]

[package.dependencies]
mccabe = ">=0.7.0,<0.8.0"
pycodestyle = ">=2.11.0,<2.12.0"
pyflakes = ">=3.1.0,<3.2.0"

[[package]]
name = "icecream"
version = "2.1.3"
description = "Never use print() to debug again; inspect variables, expressions, and program execution with a single, simple function call."
category = "main"
optional = false
python-versions = "*"
files = [
    {file = "icecream-2.1.3-py2.py3-none-any.whl", hash = "sha256:757aec31ad4488b949bc4f499d18e6e5973c40cc4d4fc607229e78cfaec94c34"},
    {file = "icecream-2.1.3.tar.gz", hash = "sha256:0aa4a7c3374ec36153a1d08f81e3080e83d8ac1eefd97d2f4fe9544e8f9b49de"},
]

[package.dependencies]
asttokens = ">=2.0.1"
colorama = ">=0.3.9"
executing = ">=0.3.1"
pygments = ">=2.2.0"

[[package]]
name = "mccabe"
version = "0.7.0"
description = "McCabe checker, plugin for flake8"
category = "main"
optional = false
python-versions = ">=3.6"
files = [
    {file = "mccabe-0.7.0-py2.py3-none-any.whl", hash = "sha256:6c2d30ab6be0e4a46919781807b4f0d834ebdd6c6e3dca0bda5a15f863427b6e"},
    {file = "mccabe-0.7.0.tar.gz", hash = "sha256:348e0240c33b60bbdf4e523192ef919f28cb2c3d7d5c7794f74009290f236325"},
]

[[package]]
name = "more-itertools"
version = "10.5.0"
description = "More routines for operating on iterables, beyond itertools"
category = "main"
optional = false
python-versions = ">=3.8"
files = [
    {file = "more-itertools-10.5.0.tar.gz", hash = "sha256:5482bfef7849c25dc3c6dd53a6173ae4795da2a41a80faea6700d9f5846c5da6"},
    {file = "more_itertools-10.5.0-py3-none-any.whl", hash = "sha256:037b0d3203ce90cca8ab1defbbdac29d5f993fc20131f3664dc8d6acfa872aef"},
]

[[package]]
name = "numpy"
version = "2.1.3"
description = "Fundamental package for array computing in Python"
category = "main"
optional = false
python-versions = ">=3.10"
files = [
    {file = "numpy-2.1.3-cp310-cp310-macosx_10_9_x86_64.whl", hash = "sha256:c894b4305373b9c5576d7a12b473702afdf48ce5369c074ba304cc5ad8730dff"},
    {file = "numpy-2.1.3-cp310-cp310-macosx_11_0_arm64.whl", hash = "sha256:b47fbb433d3260adcd51eb54f92a2ffbc90a4595f8970ee00e064c644ac788f5"},
    {file = "numpy-2.1.3-cp310-cp310-macosx_14_0_arm64.whl", hash = "sha256:825656d0743699c529c5943554d223c021ff0494ff1442152ce887ef4f7561a1"},
    {file = "numpy-2.1.3-cp310-cp310-macosx_14_0_x86_64.whl", hash = "sha256:6a4825252fcc430a182ac4dee5a505053d262c807f8a924603d411f6718b88fd"},
    {file = "numpy-2.1.3-cp310-cp310-manylinux_2_17_aarch64.manylinux2014_aarch64.whl", hash = "sha256:e711e02f49e176a01d0349d82cb5f05ba4db7d5e7e0defd026328e5cfb3226d3"},
    {file = "numpy-2.1.3-cp310-cp310-manylinux_2_17_x86_64.manylinux2014_x86_64.whl", hash = "sha256:78574ac2d1a4a02421f25da9559850d59457bac82f2b8d7a44fe83a64f770098"},
    {file = "numpy-2.1.3-cp310-cp310-musllinux_1_1_x86_64.whl", hash = "sha256:c7662f0e3673fe4e832fe07b65c50342ea27d989f92c80355658c7f888fcc83c"},
    {file = "numpy-2.1.3-cp310-cp310-musllinux_1_2_aarch64.whl", hash = "sha256:fa2d1337dc61c8dc417fbccf20f6d1e139896a30721b7f1e832b2bb6ef4eb6c4"},
    {file = "numpy-2.1.3-cp310-cp310-win32.whl", hash = "sha256:72dcc4a35a8515d83e76b58fdf8113a5c969ccd505c8a946759b24e3182d1f23"},
    {file = "numpy-2.1.3-cp310-cp310-win_amd64.whl", hash = "sha256:ecc76a9ba2911d8d37ac01de72834d8849e55473457558e12995f4cd53e778e0"},
    {file = "numpy-2.1.3-cp311-cp311-macosx_10_9_x86_64.whl", hash = "sha256:4d1167c53b93f1f5d8a139a742b3c6f4d429b54e74e6b57d0eff40045187b15d"},
    {file = "numpy-2.1.3-cp311-cp311-macosx_11_0_arm64.whl", hash = "sha256:c80e4a09b3d95b4e1cac08643f1152fa71a0a821a2d4277334c88d54b2219a41"},
    {file = "numpy-2.1.3-cp311-cp311-macosx_14_0_arm64.whl", hash = "sha256:576a1c1d25e9e02ed7fa5477f30a127fe56debd53b8d2c89d5578f9857d03ca9"},
    {file = "numpy-2.1.3-cp311-cp311-macosx_14_0_x86_64.whl", hash = "sha256:973faafebaae4c0aaa1a1ca1ce02434554d67e628b8d805e61f874b84e136b09"},
    {file = "numpy-2.1.3-cp311-cp311-manylinux_2_17_aarch64.manylinux2014_aarch64.whl", hash = "sha256:762479be47a4863e261a840e8e01608d124ee1361e48b96916f38b119cfda04a"},
    {file = "numpy-2.1.3-cp311-cp311-manylinux_2_17_x86_64.manylinux2014_x86_64.whl", hash = "sha256:bc6f24b3d1ecc1eebfbf5d6051faa49af40b03be1aaa781ebdadcbc090b4539b"},
    {file = "numpy-2.1.3-cp311-cp311-musllinux_1_1_x86_64.whl", hash = "sha256:17ee83a1f4fef3c94d16dc1802b998668b5419362c8a4f4e8a491de1b41cc3ee"},
    {file = "numpy-2.1.3-cp311-cp311-musllinux_1_2_aarch64.whl", hash = "sha256:15cb89f39fa6d0bdfb600ea24b250e5f1a3df23f901f51c8debaa6a5d122b2f0"},
    {file = "numpy-2.1.3-cp311-cp311-win32.whl", hash = "sha256:d9beb777a78c331580705326d2367488d5bc473b49a9bc3036c154832520aca9"},
    {file = "numpy-2.1.3-cp311-cp311-win_amd64.whl", hash = "sha256:d89dd2b6da69c4fff5e39c28a382199ddedc3a5be5390115608345dec660b9e2"},
    {file = "numpy-2.1.3-cp312-cp312-macosx_10_13_x86_64.whl", hash = "sha256:f55ba01150f52b1027829b50d70ef1dafd9821ea82905b63936668403c3b471e"},
    {file = "numpy-2.1.3-cp312-cp312-macosx_11_0_arm64.whl", hash = "sha256:13138eadd4f4da03074851a698ffa7e405f41a0845a6b1ad135b81596e4e9958"},
    {file = "numpy-2.1.3-cp312-cp312-macosx_14_0_arm64.whl", hash = "sha256:a6b46587b14b888e95e4a24d7b13ae91fa22386c199ee7b418f449032b2fa3b8"},
    {file = "numpy-2.1.3-cp312-cp312-macosx_14_0_x86_64.whl", hash = "sha256:0fa14563cc46422e99daef53d725d0c326e99e468a9320a240affffe87852564"},
    {file = "numpy-2.1.3-cp312-cp312-manylinux_2_17_aarch64.manylinux2014_aarch64.whl", hash = "sha256:8637dcd2caa676e475503d1f8fdb327bc495554e10838019651b76d17b98e512"},
    {file = "numpy-2.1.3-cp312-cp312-manylinux_2_17_x86_64.manylinux2014_x86_64.whl", hash = "sha256:2312b2aa89e1f43ecea6da6ea9a810d06aae08321609d8dc0d0eda6d946a541b"},
    {file = "numpy-2.1.3-cp312-cp312-musllinux_1_1_x86_64.whl", hash = "sha256:a38c19106902bb19351b83802531fea19dee18e5b37b36454f27f11ff956f7fc"},
    {file = "numpy-2.1.3-cp312-cp312-musllinux_1_2_aarch64.whl", hash = "sha256:02135ade8b8a84011cbb67dc44e07c58f28575cf9ecf8ab304e51c05528c19f0"},
    {file = "numpy-2.1.3-cp312-cp312-win32.whl", hash = "sha256:e6988e90fcf617da2b5c78902fe8e668361b43b4fe26dbf2d7b0f8034d4cafb9"},
    {file = "numpy-2.1.3-cp312-cp312-win_amd64.whl", hash = "sha256:0d30c543f02e84e92c4b1f415b7c6b5326cbe45ee7882b6b77db7195fb971e3a"},
    {file = "numpy-2.1.3-cp313-cp313-macosx_10_13_x86_64.whl", hash = "sha256:96fe52fcdb9345b7cd82ecd34547fca4321f7656d500eca497eb7ea5a926692f"},
    {file = "numpy-2.1.3-cp313-cp313-macosx_11_0_arm64.whl", hash = "sha256:f653490b33e9c3a4c1c01d41bc2aef08f9475af51146e4a7710c450cf9761598"},
    {file = "numpy-2.1.3-cp313-cp313-macosx_14_0_arm64.whl", hash = "sha256:dc258a761a16daa791081d026f0ed4399b582712e6fc887a95af09df10c5ca57"},
    {file = "numpy-2.1.3-cp313-cp313-macosx_14_0_x86_64.whl", hash = "sha256:016d0f6f5e77b0f0d45d77387ffa4bb89816b57c835580c3ce8e099ef830befe"},
    {file = "numpy-2.1.3-cp313-cp313-manylinux_2_17_aarch64.manylinux2014_aarch64.whl", hash = "sha256:c181ba05ce8299c7aa3125c27b9c2167bca4a4445b7ce73d5febc411ca692e43"},
    {file = "numpy-2.1.3-cp313-cp313-manylinux_2_17_x86_64.manylinux2014_x86_64.whl", hash = "sha256:5641516794ca9e5f8a4d17bb45446998c6554704d888f86df9b200e66bdcce56"},
]

[[package]]
name = "pycodestyle"
version = "2.11.1"
description = "Python style guide checker"
category = "main"
optional = false
python-versions = ">=3.8"
files = [
    {file = "pycodestyle-2.11.1-py2.py3-none-any.whl", hash = "sha256:44fe31000b2d866f2e41841b18528a505fbd7fef9017b04eff4e2648a0fadc67"},
    {file = "pycodestyle-2.11.1.tar.gz", hash = "sha256:41ba0e7afc9752dfb53ced5489e89f8186be00e599e712660695b7a75ff2663f"},
]

[[package]]
name = "pyflakes"
version = "3.1.0"
description = "passive checker of Python programs"
category = "main"
optional = false
python-versions = ">=3.8"
files = [
    {file = "pyflakes-3.1.0-py2.py3-none-any.whl", hash = "sha256:4132f6d49cb4dae6819e5379898f2b8cce3c5f23994194c24b77d5da2e36f774"},
    {file = "pyflakes-3.1.0.tar.gz", hash = "sha256:a0aae034c444db0071aa077972ba4768d40c830d9539fd45bf4cd3f8f6992efc"},
]

[[package]]
name = "pygments"
version = "2.18.0"
description = "Pygments is a syntax highlighting package written in Python."
category = "main"
optional = false
python-versions = ">=3.8"
files = [
    {file = "pygments-2.18.0-py3-none-any.whl", hash = "sha256:b8e6aca0523f3ab76fee51799c488e38782ac06eafcf95e7ba832985c8e7b13a"},
    {file = "pygments-2.18.0.tar.gz", hash = "sha256:786ff802f32e91311bff3889f6e9a86e81505fe99f2735bb6d60ae0c5004f199"},
]

[package.extras]
windows-terminal = ["colorama (>=0.4.6)"]

[[package]]
name = "ruff"
version = "0.0.280"
description = "An extremely fast Python linter, written in Rust."
category = "main"
optional = false
python-versions = ">=3.7"
files = [
    {file = "ruff-0.0.280-py3-none-macosx_10_7_x86_64.whl", hash = "sha256:48ed5aca381050a4e2f6d232db912d2e4e98e61648b513c350990c351125aaec"},
    {file = "ruff-0.0.280-py3-none-macosx_10_9_x86_64.macosx_11_0_arm64.macosx_10_9_universal2.whl", hash = "sha256:ef6ee3e429fd29d6a5ceed295809e376e6ece5b0f13c7e703efaf3d3bcb30b96"},
    {file = "ruff-0.0.280-py3-none-manylinux_2_17_aarch64.manylinux2014_aarch64.whl", hash = "sha256:d878370f7e9463ac40c253724229314ff6ebe4508cdb96cb536e1af4d5a9cd4f"},
    {file = "ruff-0.0.280-py3-none-manylinux_2_17_armv7l.manylinux2014_armv7l.whl", hash = "sha256:83e8f372fa5627eeda5b83b5a9632d2f9c88fc6d78cead7e2a1f6fb05728d137"},
    {file = "ruff-0.0.280-py3-none-manylinux_2_17_i686.manylinux2014_i686.whl", hash = "sha256:7008fc6ca1df18b21fa98bdcfc711dad5f94d0fc3c11791f65e460c48ef27c82"},
    {file = "ruff-0.0.280-py3-none-manylinux_2_17_ppc64.manylinux2014_ppc64.whl", hash = "sha256:fe7118c1eae3fda17ceb409629c7f3b5a22dffa7caf1f6796776936dca1fe653"},
    {file = "ruff-0.0.280-py3-none-manylinux_2_17_ppc64le.manylinux2014_ppc64le.whl", hash = "sha256:37359cd67d2af8e09110a546507c302cbea11c66a52d2a9b6d841d465f9962d4"},
    {file = "ruff-0.0.280-py3-none-manylinux_2_17_s390x.manylinux2014_s390x.whl", hash = "sha256:bd58af46b0221efb95966f1f0f7576df711cb53e50d2fdb0e83c2f33360116a4"},
    {file = "ruff-0.0.280-py3-none-manylinux_2_17_x86_64.manylinux2014_x86_64.whl", hash = "sha256:2e7c15828d09f90e97bea8feefcd2907e8c8ce3a1f959c99f9b4b3469679f33c"},
    {file = "ruff-0.0.280-py3-none-musllinux_1_2_aarch64.whl", hash = "sha256:2dae8f2d9c44c5c49af01733c2f7956f808db682a4193180dedb29dd718d7bbe"},
    {file = "ruff-0.0.280-py3-none-musllinux_1_2_armv7l.whl", hash = "sha256:5f972567163a20fb8c2d6afc60c2ea5ef8b68d69505760a8bd0377de8984b4f6"},
    {file = "ruff-0.0.280-py3-none-musllinux_1_2_i686.whl", hash = "sha256:8ffa7347ad11643f29de100977c055e47c988cd6d9f5f5ff83027600b11b9189"},
    {file = "ruff-0.0.280-py3-none-musllinux_1_2_x86_64.whl", hash = "sha256:7a37dab70114671d273f203268f6c3366c035fe0c8056614069e90a65e614bfc"},
    {file = "ruff-0.0.280-py3-none-win32.whl", hash = "sha256:7784e3606352fcfb193f3cd22b2e2117c444cb879ef6609ec69deabd662b0763"},
    {file = "ruff-0.0.280-py3-none-win_amd64.whl", hash = "sha256:4a7d52457b5dfcd3ab24b0b38eefaead8e2dca62b4fbf10de4cd0938cf20ce30"},
    {file = "ruff-0.0.280-py3-none-win_arm64.whl", hash = "sha256:b7de5b8689575918e130e4384ed9f539ce91d067c0a332aedef6ca7188adac2d"},
    {file = "ruff-0.0.280.tar.gz", hash = "sha256:581c43e4ac5e5a7117ad7da2120d960a4a99e68ec4021ec3cd47fe1cf78f8380"},
]

[[package]]
name = "six"
version = "1.16.0"
description = "Python 2 and 3 compatibility utilities"
category = "main"
optional = false
python-versions = ">=2.7, !=3.0.*, !=3.1.*, !=3.2.*"
files = [
    {file = "six-1.16.0-py2.py3-none-any.whl", hash = "sha256:8abb2f1d86890a2dfb989f9a77cfcfd3e47c2a354b01111771326f8aa26e0254"},
    {file = "six-1.16.0.tar.gz", hash = "sha256:1e61c37477a1626458e36f7b1d82aa5c9b094fa4802892072e49de9c60c4c926"},
]

[[package]]
name = "tqdm"
version = "4.67.0"
description = "Fast, Extensible Progress Meter"
category = "main"
optional = false
python-versions = ">=3.7"
files = [
    {file = "tqdm-4.67.0-py3-none-any.whl", hash = "sha256:0cd8af9d56911acab92182e88d763100d4788bdf421d251616040cc4d44863be"},
    {file = "tqdm-4.67.0.tar.gz", hash = "sha256:fe5a6f95e6fe0b9755e9469b77b9c3cf850048224ecaa8293d7d2d31f97d869a"},
]

[package.dependencies]
colorama = {version = "*", markers = "platform_system == \"Windows\""}

[package.extras]
dev = ["pytest (>=6)", "pytest-cov", "pytest-timeout", "pytest-xdist"]
discord = ["requests"]
notebook = ["ipywidgets (>=6)"]
slack = ["slack-sdk"]
telegram = ["requests"]

[[package]]
name = "treelib"
version = "1.7.0"
description = "A Python implementation of tree structure."
category = "main"
optional = false
python-versions = "*"
files = [
    {file = "treelib-1.7.0-py3-none-any.whl", hash = "sha256:c37795eaba19f73f3e1a905ef3f4f0cab660dc7617126e8ae99391e25c755416"},
    {file = "treelib-1.7.0.tar.gz", hash = "sha256:9bff1af416b9e642a6cd0e0431d15edf26a24b8d0c8ae68afbd3801b5e30fb61"},
]

[package.dependencies]
six = "*"

[metadata]
lock-version = "2.0"
python-versions = "^3.11"
content-hash = "cfab88f30a65fb3e1925b2cdfc1a8bbe0b19b49064790f4256bbf3efbe8d0993"
